// !$*UTF8*$!
{
	archiveVersion = 1;
	classes = {
	};
	objectVersion = 46;
	objects = {

/* Begin PBXBuildFile section */
		4442A0211B926784007251E6 /* AppDelegate.swift in Sources */ = {isa = PBXBuildFile; fileRef = 4442A0201B926784007251E6 /* AppDelegate.swift */; };
		4442A0231B926784007251E6 /* Assets.xcassets in Resources */ = {isa = PBXBuildFile; fileRef = 4442A0221B926784007251E6 /* Assets.xcassets */; };
		4442A0261B926784007251E6 /* MainMenu.xib in Resources */ = {isa = PBXBuildFile; fileRef = 4442A0241B926784007251E6 /* MainMenu.xib */; };
		449044681B93751B000A77BA /* Async.swift in Sources */ = {isa = PBXBuildFile; fileRef = 449044671B93751B000A77BA /* Async.swift */; settings = {ASSET_TAGS = (); }; };
		44A52E8D1B92688D00399384 /* SingleViewWindowController.swift in Sources */ = {isa = PBXBuildFile; fileRef = 44A52E8C1B92688D00399384 /* SingleViewWindowController.swift */; };
		44BB2F911B93892700B79B95 /* Logger.swift in Sources */ = {isa = PBXBuildFile; fileRef = 44BB2F901B93892700B79B95 /* Logger.swift */; settings = {ASSET_TAGS = (); }; };
		44BB2F931B93913800B79B95 /* SupportedTypes.swift in Sources */ = {isa = PBXBuildFile; fileRef = 44BB2F921B93913800B79B95 /* SupportedTypes.swift */; settings = {ASSET_TAGS = (); }; };
		44FEF9761B9530E500DB2E1D /* MediaGatherer.swift in Sources */ = {isa = PBXBuildFile; fileRef = 44FEF9751B9530E500DB2E1D /* MediaGatherer.swift */; settings = {ASSET_TAGS = (); }; };
		44FEF9791B9531B300DB2E1D /* MediaData.swift in Sources */ = {isa = PBXBuildFile; fileRef = 44FEF9781B9531B300DB2E1D /* MediaData.swift */; settings = {ASSET_TAGS = (); }; };
		44FEF97B1B95339400DB2E1D /* Location.swift in Sources */ = {isa = PBXBuildFile; fileRef = 44FEF97A1B95339400DB2E1D /* Location.swift */; settings = {ASSET_TAGS = (); }; };
		44FEF97D1B9534C100DB2E1D /* FileMediaData.swift in Sources */ = {isa = PBXBuildFile; fileRef = 44FEF97C1B9534C100DB2E1D /* FileMediaData.swift */; settings = {ASSET_TAGS = (); }; };
/* End PBXBuildFile section */

/* Begin PBXFileReference section */
		4442A01D1B926784007251E6 /* Radish.app */ = {isa = PBXFileReference; explicitFileType = wrapper.application; includeInIndex = 0; path = Radish.app; sourceTree = BUILT_PRODUCTS_DIR; };
		4442A0201B926784007251E6 /* AppDelegate.swift */ = {isa = PBXFileReference; lastKnownFileType = sourcecode.swift; path = AppDelegate.swift; sourceTree = "<group>"; };
		4442A0221B926784007251E6 /* Assets.xcassets */ = {isa = PBXFileReference; lastKnownFileType = folder.assetcatalog; path = Assets.xcassets; sourceTree = "<group>"; };
		4442A0251B926784007251E6 /* Base */ = {isa = PBXFileReference; lastKnownFileType = file.xib; name = Base; path = Base.lproj/MainMenu.xib; sourceTree = "<group>"; };
		4442A0271B926784007251E6 /* Info.plist */ = {isa = PBXFileReference; lastKnownFileType = text.plist.xml; path = Info.plist; sourceTree = "<group>"; };
		449044671B93751B000A77BA /* Async.swift */ = {isa = PBXFileReference; fileEncoding = 4; lastKnownFileType = sourcecode.swift; name = Async.swift; path = External/Async.swift; sourceTree = "<group>"; };
		44A52E8C1B92688D00399384 /* SingleViewWindowController.swift */ = {isa = PBXFileReference; fileEncoding = 4; lastKnownFileType = sourcecode.swift; path = SingleViewWindowController.swift; sourceTree = "<group>"; };
		44BB2F901B93892700B79B95 /* Logger.swift */ = {isa = PBXFileReference; fileEncoding = 4; lastKnownFileType = sourcecode.swift; name = Logger.swift; path = Core/Logger.swift; sourceTree = "<group>"; };
		44BB2F921B93913800B79B95 /* SupportedTypes.swift */ = {isa = PBXFileReference; fileEncoding = 4; lastKnownFileType = sourcecode.swift; name = SupportedTypes.swift; path = Core/SupportedTypes.swift; sourceTree = "<group>"; };
		44FEF9751B9530E500DB2E1D /* MediaGatherer.swift */ = {isa = PBXFileReference; fileEncoding = 4; lastKnownFileType = sourcecode.swift; name = MediaGatherer.swift; path = Controllers/MediaGatherer.swift; sourceTree = "<group>"; };
		44FEF9781B9531B300DB2E1D /* MediaData.swift */ = {isa = PBXFileReference; fileEncoding = 4; lastKnownFileType = sourcecode.swift; name = MediaData.swift; path = Models/MediaData.swift; sourceTree = "<group>"; };
		44FEF97A1B95339400DB2E1D /* Location.swift */ = {isa = PBXFileReference; fileEncoding = 4; lastKnownFileType = sourcecode.swift; name = Location.swift; path = Models/Location.swift; sourceTree = "<group>"; };
		44FEF97C1B9534C100DB2E1D /* FileMediaData.swift */ = {isa = PBXFileReference; fileEncoding = 4; lastKnownFileType = sourcecode.swift; path = FileMediaData.swift; sourceTree = "<group>"; };
/* End PBXFileReference section */

/* Begin PBXFrameworksBuildPhase section */
		4442A01A1B926784007251E6 /* Frameworks */ = {
			isa = PBXFrameworksBuildPhase;
			buildActionMask = 2147483647;
			files = (
			);
			runOnlyForDeploymentPostprocessing = 0;
		};
/* End PBXFrameworksBuildPhase section */

/* Begin PBXGroup section */
		0ADB30DD40705169F7CE942E /* Frameworks */ = {
			isa = PBXGroup;
			children = (
			);
			name = Frameworks;
			sourceTree = "<group>";
		};
		4442A0141B926784007251E6 = {
			isa = PBXGroup;
			children = (
				4442A01F1B926784007251E6 /* Radish */,
				4442A01E1B926784007251E6 /* Products */,
				0ADB30DD40705169F7CE942E /* Frameworks */,
			);
			sourceTree = "<group>";
		};
		4442A01E1B926784007251E6 /* Products */ = {
			isa = PBXGroup;
			children = (
				4442A01D1B926784007251E6 /* Radish.app */,
			);
			name = Products;
			sourceTree = "<group>";
		};
		4442A01F1B926784007251E6 /* Radish */ = {
			isa = PBXGroup;
			children = (
				44FEF9771B95319900DB2E1D /* Models */,
				44FEF9741B9530B600DB2E1D /* Controllers */,
				44BB2F8F1B9388F300B79B95 /* Core */,
				449044661B9374F4000A77BA /* External */,
				4442A0201B926784007251E6 /* AppDelegate.swift */,
				4442A0221B926784007251E6 /* Assets.xcassets */,
				4442A0241B926784007251E6 /* MainMenu.xib */,
				4442A0271B926784007251E6 /* Info.plist */,
				44A52E8C1B92688D00399384 /* SingleViewWindowController.swift */,
			);
			path = Radish;
			sourceTree = "<group>";
		};
		449044661B9374F4000A77BA /* External */ = {
			isa = PBXGroup;
			children = (
				449044671B93751B000A77BA /* Async.swift */,
			);
			name = External;
			sourceTree = "<group>";
		};
		44BB2F8F1B9388F300B79B95 /* Core */ = {
			isa = PBXGroup;
			children = (
				44BB2F901B93892700B79B95 /* Logger.swift */,
				44BB2F921B93913800B79B95 /* SupportedTypes.swift */,
			);
			name = Core;
			sourceTree = "<group>";
		};
		44FEF9741B9530B600DB2E1D /* Controllers */ = {
			isa = PBXGroup;
			children = (
				44FEF9751B9530E500DB2E1D /* MediaGatherer.swift */,
			);
			name = Controllers;
			sourceTree = "<group>";
		};
		44FEF9771B95319900DB2E1D /* Models */ = {
			isa = PBXGroup;
			children = (
				44FEF9781B9531B300DB2E1D /* MediaData.swift */,
				44FEF97A1B95339400DB2E1D /* Location.swift */,
				44FEF97C1B9534C100DB2E1D /* FileMediaData.swift */,
			);
			name = Models;
			sourceTree = "<group>";
		};
/* End PBXGroup section */

/* Begin PBXNativeTarget section */
		4442A01C1B926784007251E6 /* Radish */ = {
			isa = PBXNativeTarget;
			buildConfigurationList = 4442A02A1B926784007251E6 /* Build configuration list for PBXNativeTarget "Radish" */;
			buildPhases = (
				4442A0191B926784007251E6 /* Sources */,
				4442A01A1B926784007251E6 /* Frameworks */,
				4442A01B1B926784007251E6 /* Resources */,
			);
			buildRules = (
			);
			dependencies = (
			);
			name = Radish;
			productName = Radish;
			productReference = 4442A01D1B926784007251E6 /* Radish.app */;
			productType = "com.apple.product-type.application";
		};
/* End PBXNativeTarget section */

/* Begin PBXProject section */
		4442A0151B926784007251E6 /* Project object */ = {
			isa = PBXProject;
			attributes = {
				LastUpgradeCheck = 0700;
				ORGANIZATIONNAME = rangic.com;
				TargetAttributes = {
					4442A01C1B926784007251E6 = {
						CreatedOnToolsVersion = 7.0;
					};
				};
			};
			buildConfigurationList = 4442A0181B926784007251E6 /* Build configuration list for PBXProject "Radish" */;
			compatibilityVersion = "Xcode 3.2";
			developmentRegion = English;
			hasScannedForEncodings = 0;
			knownRegions = (
				en,
				Base,
			);
			mainGroup = 4442A0141B926784007251E6;
			productRefGroup = 4442A01E1B926784007251E6 /* Products */;
			projectDirPath = "";
			projectRoot = "";
			targets = (
				4442A01C1B926784007251E6 /* Radish */,
			);
		};
/* End PBXProject section */

/* Begin PBXResourcesBuildPhase section */
		4442A01B1B926784007251E6 /* Resources */ = {
			isa = PBXResourcesBuildPhase;
			buildActionMask = 2147483647;
			files = (
				4442A0231B926784007251E6 /* Assets.xcassets in Resources */,
				4442A0261B926784007251E6 /* MainMenu.xib in Resources */,
			);
			runOnlyForDeploymentPostprocessing = 0;
		};
/* End PBXResourcesBuildPhase section */

/* Begin PBXSourcesBuildPhase section */
		4442A0191B926784007251E6 /* Sources */ = {
			isa = PBXSourcesBuildPhase;
			buildActionMask = 2147483647;
			files = (
				44A52E8D1B92688D00399384 /* SingleViewWindowController.swift in Sources */,
				44FEF9791B9531B300DB2E1D /* MediaData.swift in Sources */,
				44FEF97B1B95339400DB2E1D /* Location.swift in Sources */,
				44BB2F931B93913800B79B95 /* SupportedTypes.swift in Sources */,
				449044681B93751B000A77BA /* Async.swift in Sources */,
				4442A0211B926784007251E6 /* AppDelegate.swift in Sources */,
				44BB2F911B93892700B79B95 /* Logger.swift in Sources */,
				44FEF97D1B9534C100DB2E1D /* FileMediaData.swift in Sources */,
				44FEF9761B9530E500DB2E1D /* MediaGatherer.swift in Sources */,
			);
			runOnlyForDeploymentPostprocessing = 0;
		};
/* End PBXSourcesBuildPhase section */

/* Begin PBXVariantGroup section */
		4442A0241B926784007251E6 /* MainMenu.xib */ = {
			isa = PBXVariantGroup;
			children = (
				4442A0251B926784007251E6 /* Base */,
			);
			name = MainMenu.xib;
			sourceTree = "<group>";
		};
/* End PBXVariantGroup section */

/* Begin XCBuildConfiguration section */
		4442A0281B926784007251E6 /* Debug */ = {
			isa = XCBuildConfiguration;
			buildSettings = {
				ALWAYS_SEARCH_USER_PATHS = NO;
				CLANG_CXX_LANGUAGE_STANDARD = "gnu++0x";
				CLANG_CXX_LIBRARY = "libc++";
				CLANG_ENABLE_MODULES = YES;
				CLANG_ENABLE_OBJC_ARC = YES;
				CLANG_WARN_BOOL_CONVERSION = YES;
				CLANG_WARN_CONSTANT_CONVERSION = YES;
				CLANG_WARN_DIRECT_OBJC_ISA_USAGE = YES_ERROR;
				CLANG_WARN_EMPTY_BODY = YES;
				CLANG_WARN_ENUM_CONVERSION = YES;
				CLANG_WARN_INT_CONVERSION = YES;
				CLANG_WARN_OBJC_ROOT_CLASS = YES_ERROR;
				CLANG_WARN_UNREACHABLE_CODE = YES;
				CLANG_WARN__DUPLICATE_METHOD_MATCH = YES;
				CODE_SIGN_IDENTITY = "-";
				COPY_PHASE_STRIP = NO;
				DEBUG_INFORMATION_FORMAT = dwarf;
				ENABLE_STRICT_OBJC_MSGSEND = YES;
				ENABLE_TESTABILITY = YES;
				GCC_C_LANGUAGE_STANDARD = gnu99;
				GCC_DYNAMIC_NO_PIC = NO;
				GCC_NO_COMMON_BLOCKS = YES;
				GCC_OPTIMIZATION_LEVEL = 0;
				GCC_PREPROCESSOR_DEFINITIONS = (
					"DEBUG=1",
					"$(inherited)",
				);
				GCC_WARN_64_TO_32_BIT_CONVERSION = YES;
				GCC_WARN_ABOUT_RETURN_TYPE = YES_ERROR;
				GCC_WARN_UNDECLARED_SELECTOR = YES;
				GCC_WARN_UNINITIALIZED_AUTOS = YES_AGGRESSIVE;
				GCC_WARN_UNUSED_FUNCTION = YES;
				GCC_WARN_UNUSED_VARIABLE = YES;
				MACOSX_DEPLOYMENT_TARGET = 10.10;
				MTL_ENABLE_DEBUG_INFO = YES;
				ONLY_ACTIVE_ARCH = YES;
				SDKROOT = macosx;
				SWIFT_OPTIMIZATION_LEVEL = "-Onone";
			};
			name = Debug;
		};
		4442A0291B926784007251E6 /* Release */ = {
			isa = XCBuildConfiguration;
			buildSettings = {
				ALWAYS_SEARCH_USER_PATHS = NO;
				CLANG_CXX_LANGUAGE_STANDARD = "gnu++0x";
				CLANG_CXX_LIBRARY = "libc++";
				CLANG_ENABLE_MODULES = YES;
				CLANG_ENABLE_OBJC_ARC = YES;
				CLANG_WARN_BOOL_CONVERSION = YES;
				CLANG_WARN_CONSTANT_CONVERSION = YES;
				CLANG_WARN_DIRECT_OBJC_ISA_USAGE = YES_ERROR;
				CLANG_WARN_EMPTY_BODY = YES;
				CLANG_WARN_ENUM_CONVERSION = YES;
				CLANG_WARN_INT_CONVERSION = YES;
				CLANG_WARN_OBJC_ROOT_CLASS = YES_ERROR;
				CLANG_WARN_UNREACHABLE_CODE = YES;
				CLANG_WARN__DUPLICATE_METHOD_MATCH = YES;
				CODE_SIGN_IDENTITY = "-";
				COPY_PHASE_STRIP = NO;
				DEBUG_INFORMATION_FORMAT = "dwarf-with-dsym";
				ENABLE_NS_ASSERTIONS = NO;
				ENABLE_STRICT_OBJC_MSGSEND = YES;
				GCC_C_LANGUAGE_STANDARD = gnu99;
				GCC_NO_COMMON_BLOCKS = YES;
				GCC_WARN_64_TO_32_BIT_CONVERSION = YES;
				GCC_WARN_ABOUT_RETURN_TYPE = YES_ERROR;
				GCC_WARN_UNDECLARED_SELECTOR = YES;
				GCC_WARN_UNINITIALIZED_AUTOS = YES_AGGRESSIVE;
				GCC_WARN_UNUSED_FUNCTION = YES;
				GCC_WARN_UNUSED_VARIABLE = YES;
				MACOSX_DEPLOYMENT_TARGET = 10.10;
				MTL_ENABLE_DEBUG_INFO = NO;
				SDKROOT = macosx;
			};
			name = Release;
		};
		4442A02B1B926784007251E6 /* Debug */ = {
			isa = XCBuildConfiguration;
			buildSettings = {
				ASSETCATALOG_COMPILER_APPICON_NAME = AppIcon;
				COMBINE_HIDPI_IMAGES = YES;
				INFOPLIST_FILE = Radish/Info.plist;
				LD_RUNPATH_SEARCH_PATHS = "$(inherited) @executable_path/../Frameworks";
				PRODUCT_BUNDLE_IDENTIFIER = rangic.Radish;
				PRODUCT_NAME = "$(TARGET_NAME)";
			};
			name = Debug;
		};
		4442A02C1B926784007251E6 /* Release */ = {
			isa = XCBuildConfiguration;
			buildSettings = {
				ASSETCATALOG_COMPILER_APPICON_NAME = AppIcon;
				COMBINE_HIDPI_IMAGES = YES;
				INFOPLIST_FILE = Radish/Info.plist;
				LD_RUNPATH_SEARCH_PATHS = "$(inherited) @executable_path/../Frameworks";
				PRODUCT_BUNDLE_IDENTIFIER = rangic.Radish;
				PRODUCT_NAME = "$(TARGET_NAME)";
			};
			name = Release;
		};
/* End XCBuildConfiguration section */

/* Begin XCConfigurationList section */
		4442A0181B926784007251E6 /* Build configuration list for PBXProject "Radish" */ = {
			isa = XCConfigurationList;
			buildConfigurations = (
				4442A0281B926784007251E6 /* Debug */,
				4442A0291B926784007251E6 /* Release */,
			);
			defaultConfigurationIsVisible = 0;
			defaultConfigurationName = Release;
		};
		4442A02A1B926784007251E6 /* Build configuration list for PBXNativeTarget "Radish" */ = {
			isa = XCConfigurationList;
			buildConfigurations = (
				4442A02B1B926784007251E6 /* Debug */,
				4442A02C1B926784007251E6 /* Release */,
			);
			defaultConfigurationIsVisible = 0;
			defaultConfigurationName = Release;
		};
/* End XCConfigurationList section */
	};
	rootObject = 4442A0151B926784007251E6 /* Project object */;
}
