// !$*UTF8*$!
{
	archiveVersion = 1;
	classes = {
	};
	objectVersion = 46;
	objects = {

/* Begin PBXBuildFile section */
		442232721B968DB2009123F0 /* Quartz.framework in Frameworks */ = {isa = PBXBuildFile; fileRef = 442232711B968DB2009123F0 /* Quartz.framework */; };
		442232741B968F13009123F0 /* ThumbnailViewWindowController.swift in Sources */ = {isa = PBXBuildFile; fileRef = 442232731B968F13009123F0 /* ThumbnailViewWindowController.swift */; };
		443402B91BB63EC80001D1A3 /* Preferences.xib in Resources */ = {isa = PBXBuildFile; fileRef = 443402B71BB63EC80001D1A3 /* Preferences.xib */; };
		443402BC1BB63FFB0001D1A3 /* PreferencesWindowController.swift in Sources */ = {isa = PBXBuildFile; fileRef = 443402BB1BB63FFB0001D1A3 /* PreferencesWindowController.swift */; };
		443D908A1B9CD55F0022A268 /* Notifications.swift in Sources */ = {isa = PBXBuildFile; fileRef = 443D90891B9CD55F0022A268 /* Notifications.swift */; };
		4442A0211B926784007251E6 /* AppDelegate.swift in Sources */ = {isa = PBXBuildFile; fileRef = 4442A0201B926784007251E6 /* AppDelegate.swift */; };
		4442A0231B926784007251E6 /* Assets.xcassets in Resources */ = {isa = PBXBuildFile; fileRef = 4442A0221B926784007251E6 /* Assets.xcassets */; };
		4442A0261B926784007251E6 /* MainMenu.xib in Resources */ = {isa = PBXBuildFile; fileRef = 4442A0241B926784007251E6 /* MainMenu.xib */; };
		444322611B9947C9009043F4 /* RadishImageBrowserCell.swift in Sources */ = {isa = PBXBuildFile; fileRef = 444322601B9947C9009043F4 /* RadishImageBrowserCell.swift */; };
		444322631B994A6D009043F4 /* RadishImageBrowserView.swift in Sources */ = {isa = PBXBuildFile; fileRef = 444322621B994A6D009043F4 /* RadishImageBrowserView.swift */; };
		4446376C21BC65BE00822ADC /* ZoomView.swift in Sources */ = {isa = PBXBuildFile; fileRef = 4446376B21BC65BE00822ADC /* ZoomView.swift */; };
		444FBF921B9FD78D00A32991 /* Async.framework in Frameworks */ = {isa = PBXBuildFile; fileRef = 444FBF911B9FD78D00A32991 /* Async.framework */; };
		444FBF931B9FD78D00A32991 /* Async.framework in Embed Frameworks */ = {isa = PBXBuildFile; fileRef = 444FBF911B9FD78D00A32991 /* Async.framework */; settings = {ATTRIBUTES = (CodeSignOnCopy, RemoveHeadersOnCopy, ); }; };
		44620BE51B9D00760024F403 /* FileInformationController.swift in Sources */ = {isa = PBXBuildFile; fileRef = 44620BE41B9D00760024F403 /* FileInformationController.swift */; };
		447CA6731BD5CC6700CA174C /* CocoaLumberjackSwift.framework in Frameworks */ = {isa = PBXBuildFile; fileRef = 447CA6721BD5CC6700CA174C /* CocoaLumberjackSwift.framework */; };
		447CA6741BD5CC6700CA174C /* CocoaLumberjackSwift.framework in Embed Frameworks */ = {isa = PBXBuildFile; fileRef = 447CA6721BD5CC6700CA174C /* CocoaLumberjackSwift.framework */; settings = {ATTRIBUTES = (CodeSignOnCopy, RemoveHeadersOnCopy, ); }; };
		447CA67F1BD5CF8300CA174C /* CocoaLumberjack.framework in Frameworks */ = {isa = PBXBuildFile; fileRef = 447CA67E1BD5CF8300CA174C /* CocoaLumberjack.framework */; };
		447CA6801BD5CF8300CA174C /* CocoaLumberjack.framework in Embed Frameworks */ = {isa = PBXBuildFile; fileRef = 447CA67E1BD5CF8300CA174C /* CocoaLumberjack.framework */; settings = {ATTRIBUTES = (CodeSignOnCopy, RemoveHeadersOnCopy, ); }; };
		44936FD81DDCFC750011DAE1 /* WebKit.framework in Frameworks */ = {isa = PBXBuildFile; fileRef = 44936FD71DDCFC750011DAE1 /* WebKit.framework */; };
		44936FDD1DDCFE0E0011DAE1 /* MapViewController.swift in Sources */ = {isa = PBXBuildFile; fileRef = 44936FDC1DDCFE0E0011DAE1 /* MapViewController.swift */; };
		44936FE11DDD028C0011DAE1 /* map.html in Resources */ = {isa = PBXBuildFile; fileRef = 44936FE01DDD028C0011DAE1 /* map.html */; };
		4499DE891BACE11800BB8D36 /* RangicCore.framework in Frameworks */ = {isa = PBXBuildFile; fileRef = 44734C451BA782C000C6675C /* RangicCore.framework */; };
		4499DE8A1BACE2C000BB8D36 /* RangicCore.framework in Embed Frameworks */ = {isa = PBXBuildFile; fileRef = 44734C451BA782C000C6675C /* RangicCore.framework */; settings = {ATTRIBUTES = (CodeSignOnCopy, RemoveHeadersOnCopy, ); }; };
		44A52E8D1B92688D00399384 /* SingleViewWindowController.swift in Sources */ = {isa = PBXBuildFile; fileRef = 44A52E8C1B92688D00399384 /* SingleViewWindowController.swift */; };
		44B2B82F1DD7EB2600B1A42A /* SwiftyJSON.framework in Frameworks */ = {isa = PBXBuildFile; fileRef = 44B2B82E1DD7EB2600B1A42A /* SwiftyJSON.framework */; };
		44B2B8301DD7EB2600B1A42A /* SwiftyJSON.framework in Embed Frameworks */ = {isa = PBXBuildFile; fileRef = 44B2B82E1DD7EB2600B1A42A /* SwiftyJSON.framework */; settings = {ATTRIBUTES = (CodeSignOnCopy, RemoveHeadersOnCopy, ); }; };
		44B540AF1B9E412A006BC28A /* Alamofire.framework in Frameworks */ = {isa = PBXBuildFile; fileRef = 44B540AE1B9E412A006BC28A /* Alamofire.framework */; };
		44B540B01B9E412A006BC28A /* Alamofire.framework in Embed Frameworks */ = {isa = PBXBuildFile; fileRef = 44B540AE1B9E412A006BC28A /* Alamofire.framework */; settings = {ATTRIBUTES = (CodeSignOnCopy, RemoveHeadersOnCopy, ); }; };
		44C0A6461BD3EBC700205175 /* SingleViewWindowController-MenuHandling.swift in Sources */ = {isa = PBXBuildFile; fileRef = 44C0A6451BD3EBC700205175 /* SingleViewWindowController-MenuHandling.swift */; };
		44C0A6491BD3F88800205175 /* KeySequence.swift in Sources */ = {isa = PBXBuildFile; fileRef = 44C0A6481BD3F88800205175 /* KeySequence.swift */; };
		44E2BE011DE2584100DF2776 /* Search.xib in Resources */ = {isa = PBXBuildFile; fileRef = 44E2BDFF1DE2584100DF2776 /* Search.xib */; };
		44E2BE031DE25AC700DF2776 /* SearchWindowController.swift in Sources */ = {isa = PBXBuildFile; fileRef = 44E2BE021DE25AC700DF2776 /* SearchWindowController.swift */; };
		44FF5FD31B97D69F00DC4947 /* Preferences.swift in Sources */ = {isa = PBXBuildFile; fileRef = 44FF5FD21B97D69F00DC4947 /* Preferences.swift */; };
/* End PBXBuildFile section */

/* Begin PBXContainerItemProxy section */
		44734C441BA782C000C6675C /* PBXContainerItemProxy */ = {
			isa = PBXContainerItemProxy;
			containerPortal = 44F4200E1BA72CC800ADBB85 /* RangicCore.xcodeproj */;
			proxyType = 2;
			remoteGlobalIDString = 44F41FF81BA7175E00ADBB85;
			remoteInfo = RangicCore;
		};
/* End PBXContainerItemProxy section */

/* Begin PBXCopyFilesBuildPhase section */
		44B540B11B9E412A006BC28A /* Embed Frameworks */ = {
			isa = PBXCopyFilesBuildPhase;
			buildActionMask = 2147483647;
			dstPath = "";
			dstSubfolderSpec = 10;
			files = (
				447CA6741BD5CC6700CA174C /* CocoaLumberjackSwift.framework in Embed Frameworks */,
				4499DE8A1BACE2C000BB8D36 /* RangicCore.framework in Embed Frameworks */,
				44B2B8301DD7EB2600B1A42A /* SwiftyJSON.framework in Embed Frameworks */,
				447CA6801BD5CF8300CA174C /* CocoaLumberjack.framework in Embed Frameworks */,
				44B540B01B9E412A006BC28A /* Alamofire.framework in Embed Frameworks */,
				444FBF931B9FD78D00A32991 /* Async.framework in Embed Frameworks */,
			);
			name = "Embed Frameworks";
			runOnlyForDeploymentPostprocessing = 0;
		};
/* End PBXCopyFilesBuildPhase section */

/* Begin PBXFileReference section */
		442232711B968DB2009123F0 /* Quartz.framework */ = {isa = PBXFileReference; lastKnownFileType = wrapper.framework; name = Quartz.framework; path = System/Library/Frameworks/Quartz.framework; sourceTree = SDKROOT; };
		442232731B968F13009123F0 /* ThumbnailViewWindowController.swift */ = {isa = PBXFileReference; fileEncoding = 4; lastKnownFileType = sourcecode.swift; name = ThumbnailViewWindowController.swift; path = Controllers/ThumbnailViewWindowController.swift; sourceTree = "<group>"; };
		443402B81BB63EC80001D1A3 /* Base */ = {isa = PBXFileReference; lastKnownFileType = file.xib; name = Base; path = Base.lproj/Preferences.xib; sourceTree = "<group>"; };
		443402BB1BB63FFB0001D1A3 /* PreferencesWindowController.swift */ = {isa = PBXFileReference; fileEncoding = 4; lastKnownFileType = sourcecode.swift; name = PreferencesWindowController.swift; path = Controllers/PreferencesWindowController.swift; sourceTree = "<group>"; };
		443D90891B9CD55F0022A268 /* Notifications.swift */ = {isa = PBXFileReference; fileEncoding = 4; lastKnownFileType = sourcecode.swift; name = Notifications.swift; path = Application/Notifications.swift; sourceTree = "<group>"; };
		4442A01D1B926784007251E6 /* Radish.app */ = {isa = PBXFileReference; explicitFileType = wrapper.application; includeInIndex = 0; path = Radish.app; sourceTree = BUILT_PRODUCTS_DIR; };
		4442A0201B926784007251E6 /* AppDelegate.swift */ = {isa = PBXFileReference; lastKnownFileType = sourcecode.swift; name = AppDelegate.swift; path = Application/AppDelegate.swift; sourceTree = "<group>"; };
		4442A0221B926784007251E6 /* Assets.xcassets */ = {isa = PBXFileReference; lastKnownFileType = folder.assetcatalog; path = Assets.xcassets; sourceTree = "<group>"; };
		4442A0251B926784007251E6 /* Base */ = {isa = PBXFileReference; lastKnownFileType = file.xib; name = Base; path = Base.lproj/MainMenu.xib; sourceTree = "<group>"; };
		4442A0271B926784007251E6 /* Info.plist */ = {isa = PBXFileReference; lastKnownFileType = text.plist.xml; path = Info.plist; sourceTree = "<group>"; };
		444322601B9947C9009043F4 /* RadishImageBrowserCell.swift */ = {isa = PBXFileReference; fileEncoding = 4; lastKnownFileType = sourcecode.swift; name = RadishImageBrowserCell.swift; path = Controllers/RadishImageBrowserCell.swift; sourceTree = "<group>"; };
		444322621B994A6D009043F4 /* RadishImageBrowserView.swift */ = {isa = PBXFileReference; fileEncoding = 4; lastKnownFileType = sourcecode.swift; name = RadishImageBrowserView.swift; path = Controllers/RadishImageBrowserView.swift; sourceTree = "<group>"; };
		4446376B21BC65BE00822ADC /* ZoomView.swift */ = {isa = PBXFileReference; lastKnownFileType = sourcecode.swift; name = ZoomView.swift; path = Controllers/ZoomView.swift; sourceTree = "<group>"; };
		444FBF911B9FD78D00A32991 /* Async.framework */ = {isa = PBXFileReference; lastKnownFileType = wrapper.framework; name = Async.framework; path = Carthage/Build/Mac/Async.framework; sourceTree = "<group>"; };
		44620BE41B9D00760024F403 /* FileInformationController.swift */ = {isa = PBXFileReference; fileEncoding = 4; lastKnownFileType = sourcecode.swift; name = FileInformationController.swift; path = Controllers/FileInformationController.swift; sourceTree = "<group>"; };
		447CA6721BD5CC6700CA174C /* CocoaLumberjackSwift.framework */ = {isa = PBXFileReference; lastKnownFileType = wrapper.framework; name = CocoaLumberjackSwift.framework; path = Carthage/Build/Mac/CocoaLumberjackSwift.framework; sourceTree = "<group>"; };
		447CA67E1BD5CF8300CA174C /* CocoaLumberjack.framework */ = {isa = PBXFileReference; lastKnownFileType = wrapper.framework; name = CocoaLumberjack.framework; path = Carthage/Build/Mac/CocoaLumberjack.framework; sourceTree = "<group>"; };
		44936FD71DDCFC750011DAE1 /* WebKit.framework */ = {isa = PBXFileReference; lastKnownFileType = wrapper.framework; name = WebKit.framework; path = System/Library/Frameworks/WebKit.framework; sourceTree = SDKROOT; };
		44936FDC1DDCFE0E0011DAE1 /* MapViewController.swift */ = {isa = PBXFileReference; fileEncoding = 4; lastKnownFileType = sourcecode.swift; name = MapViewController.swift; path = Controllers/MapViewController.swift; sourceTree = "<group>"; };
		44936FE01DDD028C0011DAE1 /* map.html */ = {isa = PBXFileReference; fileEncoding = 4; lastKnownFileType = text.html; name = map.html; path = Resources/map.html; sourceTree = "<group>"; };
		44A52E8C1B92688D00399384 /* SingleViewWindowController.swift */ = {isa = PBXFileReference; fileEncoding = 4; lastKnownFileType = sourcecode.swift; name = SingleViewWindowController.swift; path = Controllers/SingleViewWindowController.swift; sourceTree = "<group>"; };
		44B2B82E1DD7EB2600B1A42A /* SwiftyJSON.framework */ = {isa = PBXFileReference; lastKnownFileType = wrapper.framework; name = SwiftyJSON.framework; path = Carthage/Build/Mac/SwiftyJSON.framework; sourceTree = "<group>"; };
		44B540AE1B9E412A006BC28A /* Alamofire.framework */ = {isa = PBXFileReference; lastKnownFileType = wrapper.framework; name = Alamofire.framework; path = Carthage/Build/Mac/Alamofire.framework; sourceTree = "<group>"; };
		44C0A6451BD3EBC700205175 /* SingleViewWindowController-MenuHandling.swift */ = {isa = PBXFileReference; fileEncoding = 4; lastKnownFileType = sourcecode.swift; name = "SingleViewWindowController-MenuHandling.swift"; path = "Controllers/SingleViewWindowController-MenuHandling.swift"; sourceTree = "<group>"; };
		44C0A6481BD3F88800205175 /* KeySequence.swift */ = {isa = PBXFileReference; fileEncoding = 4; lastKnownFileType = sourcecode.swift; name = KeySequence.swift; path = Controllers/KeySequence.swift; sourceTree = "<group>"; };
		44E2BE001DE2584100DF2776 /* Base */ = {isa = PBXFileReference; lastKnownFileType = file.xib; name = Base; path = Base.lproj/Search.xib; sourceTree = "<group>"; };
		44E2BE021DE25AC700DF2776 /* SearchWindowController.swift */ = {isa = PBXFileReference; fileEncoding = 4; lastKnownFileType = sourcecode.swift; name = SearchWindowController.swift; path = Controllers/SearchWindowController.swift; sourceTree = "<group>"; };
		44F4200E1BA72CC800ADBB85 /* RangicCore.xcodeproj */ = {isa = PBXFileReference; lastKnownFileType = "wrapper.pb-project"; name = RangicCore.xcodeproj; path = ../../RangicCore/source/RangicCore.xcodeproj; sourceTree = SOURCE_ROOT; };
		44FF5FD21B97D69F00DC4947 /* Preferences.swift */ = {isa = PBXFileReference; fileEncoding = 4; lastKnownFileType = sourcecode.swift; name = Preferences.swift; path = Core/Preferences.swift; sourceTree = "<group>"; };
/* End PBXFileReference section */

/* Begin PBXFrameworksBuildPhase section */
		4442A01A1B926784007251E6 /* Frameworks */ = {
			isa = PBXFrameworksBuildPhase;
			buildActionMask = 2147483647;
			files = (
				44936FD81DDCFC750011DAE1 /* WebKit.framework in Frameworks */,
				4499DE891BACE11800BB8D36 /* RangicCore.framework in Frameworks */,
				442232721B968DB2009123F0 /* Quartz.framework in Frameworks */,
				44B540AF1B9E412A006BC28A /* Alamofire.framework in Frameworks */,
				444FBF921B9FD78D00A32991 /* Async.framework in Frameworks */,
				44B2B82F1DD7EB2600B1A42A /* SwiftyJSON.framework in Frameworks */,
				447CA67F1BD5CF8300CA174C /* CocoaLumberjack.framework in Frameworks */,
				447CA6731BD5CC6700CA174C /* CocoaLumberjackSwift.framework in Frameworks */,
			);
			runOnlyForDeploymentPostprocessing = 0;
		};
/* End PBXFrameworksBuildPhase section */

/* Begin PBXGroup section */
		0ADB30DD40705169F7CE942E /* Frameworks */ = {
			isa = PBXGroup;
			children = (
				44936FD71DDCFC750011DAE1 /* WebKit.framework */,
				442232711B968DB2009123F0 /* Quartz.framework */,
			);
			name = Frameworks;
			sourceTree = "<group>";
		};
		4442A0141B926784007251E6 = {
			isa = PBXGroup;
			children = (
				4442A01F1B926784007251E6 /* Radish */,
				44F4200E1BA72CC800ADBB85 /* RangicCore.xcodeproj */,
				444FBF911B9FD78D00A32991 /* Async.framework */,
				44B540AE1B9E412A006BC28A /* Alamofire.framework */,
				447CA6721BD5CC6700CA174C /* CocoaLumberjackSwift.framework */,
				447CA67E1BD5CF8300CA174C /* CocoaLumberjack.framework */,
				44B2B82E1DD7EB2600B1A42A /* SwiftyJSON.framework */,
				4442A01E1B926784007251E6 /* Products */,
				0ADB30DD40705169F7CE942E /* Frameworks */,
			);
			sourceTree = "<group>";
		};
		4442A01E1B926784007251E6 /* Products */ = {
			isa = PBXGroup;
			children = (
				4442A01D1B926784007251E6 /* Radish.app */,
			);
			name = Products;
			sourceTree = "<group>";
		};
		4442A01F1B926784007251E6 /* Radish */ = {
			isa = PBXGroup;
			children = (
				44F803A31B9945890019589A /* Application */,
				444E1A141B9942D1002AED02 /* Controllers */,
				445500821BA3856A007543D8 /* Resources */,
				4442A0221B926784007251E6 /* Assets.xcassets */,
				4442A0271B926784007251E6 /* Info.plist */,
				4442A0241B926784007251E6 /* MainMenu.xib */,
				443402B71BB63EC80001D1A3 /* Preferences.xib */,
				44E2BDFF1DE2584100DF2776 /* Search.xib */,
			);
			path = Radish;
			sourceTree = "<group>";
		};
		444E1A141B9942D1002AED02 /* Controllers */ = {
			isa = PBXGroup;
			children = (
				44620BE41B9D00760024F403 /* FileInformationController.swift */,
				44C0A6481BD3F88800205175 /* KeySequence.swift */,
				44936FDC1DDCFE0E0011DAE1 /* MapViewController.swift */,
				443402BB1BB63FFB0001D1A3 /* PreferencesWindowController.swift */,
				444322601B9947C9009043F4 /* RadishImageBrowserCell.swift */,
				444322621B994A6D009043F4 /* RadishImageBrowserView.swift */,
				44E2BE021DE25AC700DF2776 /* SearchWindowController.swift */,
				44A52E8C1B92688D00399384 /* SingleViewWindowController.swift */,
				44C0A6451BD3EBC700205175 /* SingleViewWindowController-MenuHandling.swift */,
				442232731B968F13009123F0 /* ThumbnailViewWindowController.swift */,
				4446376B21BC65BE00822ADC /* ZoomView.swift */,
			);
			name = Controllers;
			sourceTree = "<group>";
		};
		445500821BA3856A007543D8 /* Resources */ = {
			isa = PBXGroup;
			children = (
				44936FE01DDD028C0011DAE1 /* map.html */,
			);
			name = Resources;
			sourceTree = "<group>";
		};
		44734C411BA782C000C6675C /* Products */ = {
			isa = PBXGroup;
			children = (
				44734C451BA782C000C6675C /* RangicCore.framework */,
			);
			name = Products;
			sourceTree = "<group>";
		};
		44F803A31B9945890019589A /* Application */ = {
			isa = PBXGroup;
			children = (
				4442A0201B926784007251E6 /* AppDelegate.swift */,
				443D90891B9CD55F0022A268 /* Notifications.swift */,
				44FF5FD21B97D69F00DC4947 /* Preferences.swift */,
			);
			name = Application;
			sourceTree = "<group>";
		};
/* End PBXGroup section */

/* Begin PBXNativeTarget section */
		4442A01C1B926784007251E6 /* Radish */ = {
			isa = PBXNativeTarget;
			buildConfigurationList = 4442A02A1B926784007251E6 /* Build configuration list for PBXNativeTarget "Radish" */;
			buildPhases = (
				4442A0191B926784007251E6 /* Sources */,
				4442A01A1B926784007251E6 /* Frameworks */,
				4442A01B1B926784007251E6 /* Resources */,
				44B540B11B9E412A006BC28A /* Embed Frameworks */,
			);
			buildRules = (
			);
			dependencies = (
			);
			name = Radish;
			productName = Radish;
			productReference = 4442A01D1B926784007251E6 /* Radish.app */;
			productType = "com.apple.product-type.application";
		};
/* End PBXNativeTarget section */

/* Begin PBXProject section */
		4442A0151B926784007251E6 /* Project object */ = {
			isa = PBXProject;
			attributes = {
				LastSwiftUpdateCheck = 0700;
				LastUpgradeCheck = 1000;
				ORGANIZATIONNAME = rangic.com;
				TargetAttributes = {
					4442A01C1B926784007251E6 = {
						CreatedOnToolsVersion = 7.0;
						LastSwiftMigration = 0910;
					};
				};
			};
			buildConfigurationList = 4442A0181B926784007251E6 /* Build configuration list for PBXProject "Radish" */;
			compatibilityVersion = "Xcode 3.2";
			developmentRegion = English;
			hasScannedForEncodings = 0;
			knownRegions = (
				en,
				Base,
			);
			mainGroup = 4442A0141B926784007251E6;
			productRefGroup = 4442A01E1B926784007251E6 /* Products */;
			projectDirPath = "";
			projectReferences = (
				{
					ProductGroup = 44734C411BA782C000C6675C /* Products */;
					ProjectRef = 44F4200E1BA72CC800ADBB85 /* RangicCore.xcodeproj */;
				},
			);
			projectRoot = "";
			targets = (
				4442A01C1B926784007251E6 /* Radish */,
			);
		};
/* End PBXProject section */

/* Begin PBXReferenceProxy section */
		44734C451BA782C000C6675C /* RangicCore.framework */ = {
			isa = PBXReferenceProxy;
			fileType = wrapper.framework;
			path = RangicCore.framework;
			remoteRef = 44734C441BA782C000C6675C /* PBXContainerItemProxy */;
			sourceTree = BUILT_PRODUCTS_DIR;
		};
/* End PBXReferenceProxy section */

/* Begin PBXResourcesBuildPhase section */
		4442A01B1B926784007251E6 /* Resources */ = {
			isa = PBXResourcesBuildPhase;
			buildActionMask = 2147483647;
			files = (
				4442A0231B926784007251E6 /* Assets.xcassets in Resources */,
				44936FE11DDD028C0011DAE1 /* map.html in Resources */,
				443402B91BB63EC80001D1A3 /* Preferences.xib in Resources */,
				44E2BE011DE2584100DF2776 /* Search.xib in Resources */,
				4442A0261B926784007251E6 /* MainMenu.xib in Resources */,
			);
			runOnlyForDeploymentPostprocessing = 0;
		};
/* End PBXResourcesBuildPhase section */

/* Begin PBXSourcesBuildPhase section */
		4442A0191B926784007251E6 /* Sources */ = {
			isa = PBXSourcesBuildPhase;
			buildActionMask = 2147483647;
			files = (
				44A52E8D1B92688D00399384 /* SingleViewWindowController.swift in Sources */,
				44FF5FD31B97D69F00DC4947 /* Preferences.swift in Sources */,
				442232741B968F13009123F0 /* ThumbnailViewWindowController.swift in Sources */,
				44C0A6491BD3F88800205175 /* KeySequence.swift in Sources */,
				444322611B9947C9009043F4 /* RadishImageBrowserCell.swift in Sources */,
				44E2BE031DE25AC700DF2776 /* SearchWindowController.swift in Sources */,
				44620BE51B9D00760024F403 /* FileInformationController.swift in Sources */,
				444322631B994A6D009043F4 /* RadishImageBrowserView.swift in Sources */,
				44936FDD1DDCFE0E0011DAE1 /* MapViewController.swift in Sources */,
				443402BC1BB63FFB0001D1A3 /* PreferencesWindowController.swift in Sources */,
				443D908A1B9CD55F0022A268 /* Notifications.swift in Sources */,
				44C0A6461BD3EBC700205175 /* SingleViewWindowController-MenuHandling.swift in Sources */,
				4442A0211B926784007251E6 /* AppDelegate.swift in Sources */,
				4446376C21BC65BE00822ADC /* ZoomView.swift in Sources */,
			);
			runOnlyForDeploymentPostprocessing = 0;
		};
/* End PBXSourcesBuildPhase section */

/* Begin PBXVariantGroup section */
		443402B71BB63EC80001D1A3 /* Preferences.xib */ = {
			isa = PBXVariantGroup;
			children = (
				443402B81BB63EC80001D1A3 /* Base */,
			);
			name = Preferences.xib;
			sourceTree = "<group>";
		};
		4442A0241B926784007251E6 /* MainMenu.xib */ = {
			isa = PBXVariantGroup;
			children = (
				4442A0251B926784007251E6 /* Base */,
			);
			name = MainMenu.xib;
			sourceTree = "<group>";
		};
		44E2BDFF1DE2584100DF2776 /* Search.xib */ = {
			isa = PBXVariantGroup;
			children = (
				44E2BE001DE2584100DF2776 /* Base */,
			);
			name = Search.xib;
			sourceTree = "<group>";
		};
/* End PBXVariantGroup section */

/* Begin XCBuildConfiguration section */
		4442A0281B926784007251E6 /* Debug */ = {
			isa = XCBuildConfiguration;
			buildSettings = {
				ALWAYS_SEARCH_USER_PATHS = NO;
				CLANG_CXX_LANGUAGE_STANDARD = "gnu++0x";
				CLANG_CXX_LIBRARY = "libc++";
				CLANG_ENABLE_MODULES = YES;
				CLANG_ENABLE_OBJC_ARC = YES;
				CLANG_WARN_BLOCK_CAPTURE_AUTORELEASING = YES;
				CLANG_WARN_BOOL_CONVERSION = YES;
				CLANG_WARN_COMMA = YES;
				CLANG_WARN_CONSTANT_CONVERSION = YES;
				CLANG_WARN_DEPRECATED_OBJC_IMPLEMENTATIONS = YES;
				CLANG_WARN_DIRECT_OBJC_ISA_USAGE = YES_ERROR;
				CLANG_WARN_EMPTY_BODY = YES;
				CLANG_WARN_ENUM_CONVERSION = YES;
				CLANG_WARN_INFINITE_RECURSION = YES;
				CLANG_WARN_INT_CONVERSION = YES;
				CLANG_WARN_NON_LITERAL_NULL_CONVERSION = YES;
				CLANG_WARN_OBJC_IMPLICIT_RETAIN_SELF = YES;
				CLANG_WARN_OBJC_LITERAL_CONVERSION = YES;
				CLANG_WARN_OBJC_ROOT_CLASS = YES_ERROR;
				CLANG_WARN_RANGE_LOOP_ANALYSIS = YES;
				CLANG_WARN_STRICT_PROTOTYPES = YES;
				CLANG_WARN_SUSPICIOUS_MOVE = YES;
				CLANG_WARN_UNREACHABLE_CODE = YES;
				CLANG_WARN__DUPLICATE_METHOD_MATCH = YES;
				CODE_SIGN_IDENTITY = "-";
				COPY_PHASE_STRIP = NO;
				DEBUG_INFORMATION_FORMAT = dwarf;
				ENABLE_STRICT_OBJC_MSGSEND = YES;
				ENABLE_TESTABILITY = YES;
				GCC_C_LANGUAGE_STANDARD = gnu99;
				GCC_DYNAMIC_NO_PIC = NO;
				GCC_NO_COMMON_BLOCKS = YES;
				GCC_OPTIMIZATION_LEVEL = 0;
				GCC_PREPROCESSOR_DEFINITIONS = (
					"DEBUG=1",
					"$(inherited)",
				);
				GCC_WARN_64_TO_32_BIT_CONVERSION = YES;
				GCC_WARN_ABOUT_RETURN_TYPE = YES_ERROR;
				GCC_WARN_UNDECLARED_SELECTOR = YES;
				GCC_WARN_UNINITIALIZED_AUTOS = YES_AGGRESSIVE;
				GCC_WARN_UNUSED_FUNCTION = YES;
				GCC_WARN_UNUSED_VARIABLE = YES;
				MACOSX_DEPLOYMENT_TARGET = 10.11;
				MTL_ENABLE_DEBUG_INFO = YES;
				ONLY_ACTIVE_ARCH = YES;
				SDKROOT = macosx;
				SWIFT_OPTIMIZATION_LEVEL = "-Onone";
				SWIFT_VERSION = 4.2;
			};
			name = Debug;
		};
		4442A0291B926784007251E6 /* Release */ = {
			isa = XCBuildConfiguration;
			buildSettings = {
				ALWAYS_SEARCH_USER_PATHS = NO;
				CLANG_CXX_LANGUAGE_STANDARD = "gnu++0x";
				CLANG_CXX_LIBRARY = "libc++";
				CLANG_ENABLE_MODULES = YES;
				CLANG_ENABLE_OBJC_ARC = YES;
				CLANG_WARN_BLOCK_CAPTURE_AUTORELEASING = YES;
				CLANG_WARN_BOOL_CONVERSION = YES;
				CLANG_WARN_COMMA = YES;
				CLANG_WARN_CONSTANT_CONVERSION = YES;
				CLANG_WARN_DEPRECATED_OBJC_IMPLEMENTATIONS = YES;
				CLANG_WARN_DIRECT_OBJC_ISA_USAGE = YES_ERROR;
				CLANG_WARN_EMPTY_BODY = YES;
				CLANG_WARN_ENUM_CONVERSION = YES;
				CLANG_WARN_INFINITE_RECURSION = YES;
				CLANG_WARN_INT_CONVERSION = YES;
				CLANG_WARN_NON_LITERAL_NULL_CONVERSION = YES;
				CLANG_WARN_OBJC_IMPLICIT_RETAIN_SELF = YES;
				CLANG_WARN_OBJC_LITERAL_CONVERSION = YES;
				CLANG_WARN_OBJC_ROOT_CLASS = YES_ERROR;
				CLANG_WARN_RANGE_LOOP_ANALYSIS = YES;
				CLANG_WARN_STRICT_PROTOTYPES = YES;
				CLANG_WARN_SUSPICIOUS_MOVE = YES;
				CLANG_WARN_UNREACHABLE_CODE = YES;
				CLANG_WARN__DUPLICATE_METHOD_MATCH = YES;
				CODE_SIGN_IDENTITY = "-";
				COPY_PHASE_STRIP = NO;
				DEBUG_INFORMATION_FORMAT = "dwarf-with-dsym";
				ENABLE_NS_ASSERTIONS = NO;
				ENABLE_STRICT_OBJC_MSGSEND = YES;
				GCC_C_LANGUAGE_STANDARD = gnu99;
				GCC_NO_COMMON_BLOCKS = YES;
				GCC_WARN_64_TO_32_BIT_CONVERSION = YES;
				GCC_WARN_ABOUT_RETURN_TYPE = YES_ERROR;
				GCC_WARN_UNDECLARED_SELECTOR = YES;
				GCC_WARN_UNINITIALIZED_AUTOS = YES_AGGRESSIVE;
				GCC_WARN_UNUSED_FUNCTION = YES;
				GCC_WARN_UNUSED_VARIABLE = YES;
				MACOSX_DEPLOYMENT_TARGET = 10.11;
				MTL_ENABLE_DEBUG_INFO = NO;
				SDKROOT = macosx;
				SWIFT_OPTIMIZATION_LEVEL = "-Owholemodule";
				SWIFT_VERSION = 4.2;
			};
			name = Release;
		};
		4442A02B1B926784007251E6 /* Debug */ = {
			isa = XCBuildConfiguration;
			buildSettings = {
				ASSETCATALOG_COMPILER_APPICON_NAME = AppIcon;
				CLANG_ENABLE_MODULES = YES;
				COMBINE_HIDPI_IMAGES = YES;
				FRAMEWORK_SEARCH_PATHS = (
					"$(inherited)",
					"$(PROJECT_DIR)/Carthage/Build/Mac",
				);
				INFOPLIST_FILE = Radish/Info.plist;
				LD_RUNPATH_SEARCH_PATHS = "$(inherited) @executable_path/../Frameworks";
				"OTHER_SWIFT_FLAGS[arch=*]" = "-DDEBUG";
				PRODUCT_BUNDLE_IDENTIFIER = rangic.Radish;
				PRODUCT_NAME = "$(TARGET_NAME)";
				SWIFT_OPTIMIZATION_LEVEL = "-Onone";
				SWIFT_SWIFT3_OBJC_INFERENCE = On;
				SWIFT_VERSION = 4.0;
			};
			name = Debug;
		};
		4442A02C1B926784007251E6 /* Release */ = {
			isa = XCBuildConfiguration;
			buildSettings = {
				ASSETCATALOG_COMPILER_APPICON_NAME = AppIcon;
				CLANG_ENABLE_MODULES = YES;
				COMBINE_HIDPI_IMAGES = YES;
				FRAMEWORK_SEARCH_PATHS = (
					"$(inherited)",
					"$(PROJECT_DIR)/Carthage/Build/Mac",
				);
				INFOPLIST_FILE = Radish/Info.plist;
				LD_RUNPATH_SEARCH_PATHS = "$(inherited) @executable_path/../Frameworks";
				PRODUCT_BUNDLE_IDENTIFIER = rangic.Radish;
				PRODUCT_NAME = "$(TARGET_NAME)";
				SWIFT_SWIFT3_OBJC_INFERENCE = On;
				SWIFT_VERSION = 4.0;
			};
			name = Release;
		};
/* End XCBuildConfiguration section */

/* Begin XCConfigurationList section */
		4442A0181B926784007251E6 /* Build configuration list for PBXProject "Radish" */ = {
			isa = XCConfigurationList;
			buildConfigurations = (
				4442A0281B926784007251E6 /* Debug */,
				4442A0291B926784007251E6 /* Release */,
			);
			defaultConfigurationIsVisible = 0;
			defaultConfigurationName = Release;
		};
		4442A02A1B926784007251E6 /* Build configuration list for PBXNativeTarget "Radish" */ = {
			isa = XCConfigurationList;
			buildConfigurations = (
				4442A02B1B926784007251E6 /* Debug */,
				4442A02C1B926784007251E6 /* Release */,
			);
			defaultConfigurationIsVisible = 0;
			defaultConfigurationName = Release;
		};
/* End XCConfigurationList section */
	};
	rootObject = 4442A0151B926784007251E6 /* Project object */;
}
